
Microsoft Visual Studio Solution File, Format Version 12.00
# Visual Studio Version 17
VisualStudioVersion = 17.11.35303.130
MinimumVisualStudioVersion = 10.0.40219.1
Project("{9A19103F-16F7-4668-BE54-9A1E7A4F7556}") = "Tyuiu.ArapovTY.Sprint1.Task0.V11", "Tyuiu.ArapovTY.Sprint1.Task0.V11\Tyuiu.ArapovTY.Sprint1.Task0.V11.csproj", "{95E8AB4C-27CD-4DC4-BC17-3927B4CDEF07}"
EndProject
Project("{9A19103F-16F7-4668-BE54-9A1E7A4F7556}") = "Tyuiu.ArapovTY.Sprint1.Task0.V11.Lib", "Tyuiu.ArapovTY.Sprint1.Task0.V11.Lib\Tyuiu.ArapovTY.Sprint1.Task0.V11.Lib.csproj", "{A09DFF2C-8C79-4A8E-9F6C-F78A65BE5B7F}"
EndProject
Project("{9A19103F-16F7-4668-BE54-9A1E7A4F7556}") = "Tyuiu.ArapovTY.Sprint1.Task0.V11.Test", "Tyuiu.ArapovTY.Sprint1.Task0.V11.Test\Tyuiu.ArapovTY.Sprint1.Task0.V11.Test.csproj", "{5C4B00B2-5060-4CE4-BF5F-A2C69BEC86C9}"
EndProject
Project("{2150E333-8FDC-42A3-9474-1A3956D46DE8}") = "Task0", "Task0", "{0757FC48-D56D-4E4B-80E2-8CB34EDE55EC}"
EndProject
Project("{2150E333-8FDC-42A3-9474-1A3956D46DE8}") = "Task1", "Task1", "{423F9F4B-EE6A-4ABD-98EC-76B314B9A236}"
EndProject
Project("{9A19103F-16F7-4668-BE54-9A1E7A4F7556}") = "Tyuiu.ArapovTY.Sprint1.Task1.V24", "Tyuiu.ArapovTY.Sprint1.Task1.V24\Tyuiu.ArapovTY.Sprint1.Task1.V24.csproj", "{C43493CB-4D7D-4043-8AC9-C6E6ABF52401}"
EndProject
Project("{9A19103F-16F7-4668-BE54-9A1E7A4F7556}") = "Tyuiu.ArapovTY.Sprint1.Task1.V24.Lib", "Tyuiu.ArapovTY.Sprint1.Task1.V24.Lib\Tyuiu.ArapovTY.Sprint1.Task1.V24.Lib.csproj", "{F04B755C-7D0C-4F37-AA5A-BD9CE00062FB}"
EndProject
Project("{9A19103F-16F7-4668-BE54-9A1E7A4F7556}") = "Tyuiu.ArapovTY.Sprint1.Task1.V24.Test", "Tyuiu.ArapovTY.Sprint1.Task1.V24.Test\Tyuiu.ArapovTY.Sprint1.Task1.V24.Test.csproj", "{1CE7C318-BD98-4244-9D7B-B3D8F95118F4}"
EndProject
Project("{2150E333-8FDC-42A3-9474-1A3956D46DE8}") = "Task2", "Task2", "{47CA3C14-0438-468F-A989-3C70B1522276}"
EndProject
Project("{9A19103F-16F7-4668-BE54-9A1E7A4F7556}") = "Tyuiu.ArapovTY.Sprint1.Task2.V3", "Tyuiu.ArapovTY.Sprint1.Task2.V3\Tyuiu.ArapovTY.Sprint1.Task2.V3.csproj", "{7B83B693-85BF-45F4-A6BA-ACA182E55852}"
EndProject
Project("{9A19103F-16F7-4668-BE54-9A1E7A4F7556}") = "Tyuiu.ArapovTY.Sprint1.Task2.V3.Lib", "Tyuiu.ArapovTY.Sprint1.Task2.V3.Lib\Tyuiu.ArapovTY.Sprint1.Task2.V3.Lib.csproj", "{12C551BF-1D9F-4993-B108-04C8E646F518}"
EndProject
Project("{9A19103F-16F7-4668-BE54-9A1E7A4F7556}") = "Tyuiu.ArapovTY.Sprint1.Task2.V3.Test", "Tyuiu.ArapovTY.Sprint1.Task2.V3.Test\Tyuiu.ArapovTY.Sprint1.Task2.V3.Test.csproj", "{822914EA-9A67-4AC1-908E-E6510FB126E1}"
EndProject
Project("{2150E333-8FDC-42A3-9474-1A3956D46DE8}") = "Task3", "Task3", "{40DCF11A-4799-4253-B765-AC56D1DF7FBE}"
EndProject
Project("{9A19103F-16F7-4668-BE54-9A1E7A4F7556}") = "Tyuiu.ArapovTY.Sprint1.Task3.V9", "Tyuiu.ArapovTY.Sprint1.Task3.V9\Tyuiu.ArapovTY.Sprint1.Task3.V9.csproj", "{6616C9D2-C68C-44F8-BFEE-CCC508932B88}"
EndProject
Project("{9A19103F-16F7-4668-BE54-9A1E7A4F7556}") = "Tyuiu.ArapovTY.Sprint1.Task3.V9.Lib", "Tyuiu.ArapovTY.Sprint1.Task3.V9.Lib\Tyuiu.ArapovTY.Sprint1.Task3.V9.Lib.csproj", "{37BF4AF0-43EA-42FC-8716-271F5530BEA4}"
EndProject
Project("{9A19103F-16F7-4668-BE54-9A1E7A4F7556}") = "Tyuiu.ArapovTY.Sprint1.Task3.V9.Test", "Tyuiu.ArapovTY.Sprint1.Task3.V9.Test\Tyuiu.ArapovTY.Sprint1.Task3.V9.Test.csproj", "{3335C891-F81E-465C-8E2F-5715EFA91255}"
EndProject
Project("{2150E333-8FDC-42A3-9474-1A3956D46DE8}") = "Task4", "Task4", "{EF35B676-391F-4F0A-A148-9511EFE9C97F}"
EndProject
Project("{9A19103F-16F7-4668-BE54-9A1E7A4F7556}") = "Tyuiu.ArapovTY.Sprint1.Task4.V20", "Tyuiu.ArapovTY.Sprint1.Task4.V20\Tyuiu.ArapovTY.Sprint1.Task4.V20.csproj", "{CB0CC2A6-510C-4F16-9D85-8AE1DEF9A05C}"
EndProject
Project("{9A19103F-16F7-4668-BE54-9A1E7A4F7556}") = "Tyuiu.ArapovTY.Sprint1.Task4.V20.Lib", "Tyuiu.ArapovTY.Sprint1.Task4.V20.Lib\Tyuiu.ArapovTY.Sprint1.Task4.V20.Lib.csproj", "{478F74B9-478D-4CCE-A7BA-D0FF6A76159C}"
EndProject
Project("{9A19103F-16F7-4668-BE54-9A1E7A4F7556}") = "Tyuiu.ArapovTY.Sprint1.Task4.V20.Test", "Tyuiu.ArapovTY.Sprint1.Task4.V20.Test\Tyuiu.ArapovTY.Sprint1.Task4.V20.Test.csproj", "{591C8392-DFC8-4021-B8C2-5A679D0EF622}"
EndProject
Project("{2150E333-8FDC-42A3-9474-1A3956D46DE8}") = "Task5", "Task5", "{3930FB41-D13E-40C4-9535-DD0CC8AA87F1}"
EndProject
Project("{9A19103F-16F7-4668-BE54-9A1E7A4F7556}") = "Tyuiu.ArapovTY.Sprint1.Task5.V3", "Tyuiu.ArapovTY.Sprint1.Task5.V3\Tyuiu.ArapovTY.Sprint1.Task5.V3.csproj", "{1527DC34-74AF-4D2B-B760-ED6537BF2720}"
EndProject
Project("{9A19103F-16F7-4668-BE54-9A1E7A4F7556}") = "Tyuiu.ArapovTY.Sprint1.Task5.V3.Lib", "Tyuiu.ArapovTY.Sprint1.Task5.V3.Lib\Tyuiu.ArapovTY.Sprint1.Task5.V3.Lib.csproj", "{AA9FCFF5-E250-4760-BEFB-DDA27B533303}"
EndProject
Project("{9A19103F-16F7-4668-BE54-9A1E7A4F7556}") = "Tyuiu.ArapovTY.Sprint1.Task5.V3.Test", "Tyuiu.ArapovTY.Sprint1.Task5.V3.Test\Tyuiu.ArapovTY.Sprint1.Task5.V3.Test.csproj", "{B6B208F6-5A45-4546-8950-EC87027B6105}"
EndProject
Project("{2150E333-8FDC-42A3-9474-1A3956D46DE8}") = "Task6", "Task6", "{555940AF-135D-4FBE-93A0-1EB61D480214}"
EndProject
Project("{9A19103F-16F7-4668-BE54-9A1E7A4F7556}") = "Tyuiu.ArapovTY.Sprint1.Task6.V3", "Tyuiu.ArapovTY.Sprint1.Task6.V3\Tyuiu.ArapovTY.Sprint1.Task6.V3.csproj", "{781A93B3-80FD-4AEE-9391-5AF48AD40E85}"
EndProject
Project("{9A19103F-16F7-4668-BE54-9A1E7A4F7556}") = "Tyuiu.ArapovTY.Sprint1.Task6.V3.Lib", "Tyuiu.ArapovTY.Sprint1.Task6.V3.Lib\Tyuiu.ArapovTY.Sprint1.Task6.V3.Lib.csproj", "{C956E58C-01B7-45FF-85DB-7E6051A1979E}"
EndProject
Project("{9A19103F-16F7-4668-BE54-9A1E7A4F7556}") = "Tyuiu.ArapovTY.Sprint1.Task6.V3.Test", "Tyuiu.ArapovTY.Sprint1.Task6.V3.Test\Tyuiu.ArapovTY.Sprint1.Task6.V3.Test.csproj", "{193A90E6-B520-40A8-B426-ED37527BFE13}"
EndProject
Project("{2150E333-8FDC-42A3-9474-1A3956D46DE8}") = "Task7", "Task7", "{85561CB1-371F-4812-937A-99C2152FDC2C}"
EndProject
Project("{FAE04EC0-301F-11D3-BF4B-00C04F79EFBC}") = "Tyuiu.ArapovTY.Sprint1.Task7.V8", "Tyuiu.ArapovTY.Sprint1.Task7.V8\Tyuiu.ArapovTY.Sprint1.Task7.V8.csproj", "{B2D4A6DE-6F90-495C-A50D-95C9A587D5E7}"
EndProject
Project("{FAE04EC0-301F-11D3-BF4B-00C04F79EFBC}") = "Tyuiu.ArapovTY.Sprint1.Task7.V8.Lib", "Tyuiu.ArapovTY.Sprint1.Task7.V8.Lib\Tyuiu.ArapovTY.Sprint1.Task7.V8.Lib.csproj", "{35CCC813-2CE5-472E-ABD2-20291CEDF701}"
EndProject
Project("{FAE04EC0-301F-11D3-BF4B-00C04F79EFBC}") = "Tyuiu.ArapovTY.Sprint1.Task7.V8.Test", "Tyuiu.ArapovTY.Sprint1.Task7.V8.Test\Tyuiu.ArapovTY.Sprint1.Task7.V8.Test.csproj", "{B09E98AC-2A9B-400A-BC22-EE02D94CE0A9}"
EndProject
Global
	GlobalSection(SolutionConfigurationPlatforms) = preSolution
		Debug|Any CPU = Debug|Any CPU
		Release|Any CPU = Release|Any CPU
	EndGlobalSection
	GlobalSection(ProjectConfigurationPlatforms) = postSolution
		{95E8AB4C-27CD-4DC4-BC17-3927B4CDEF07}.Debug|Any CPU.ActiveCfg = Debug|Any CPU
		{95E8AB4C-27CD-4DC4-BC17-3927B4CDEF07}.Debug|Any CPU.Build.0 = Debug|Any CPU
		{95E8AB4C-27CD-4DC4-BC17-3927B4CDEF07}.Release|Any CPU.ActiveCfg = Release|Any CPU
		{95E8AB4C-27CD-4DC4-BC17-3927B4CDEF07}.Release|Any CPU.Build.0 = Release|Any CPU
		{A09DFF2C-8C79-4A8E-9F6C-F78A65BE5B7F}.Debug|Any CPU.ActiveCfg = Debug|Any CPU
		{A09DFF2C-8C79-4A8E-9F6C-F78A65BE5B7F}.Debug|Any CPU.Build.0 = Debug|Any CPU
		{A09DFF2C-8C79-4A8E-9F6C-F78A65BE5B7F}.Release|Any CPU.ActiveCfg = Release|Any CPU
		{A09DFF2C-8C79-4A8E-9F6C-F78A65BE5B7F}.Release|Any CPU.Build.0 = Release|Any CPU
		{5C4B00B2-5060-4CE4-BF5F-A2C69BEC86C9}.Debug|Any CPU.ActiveCfg = Debug|Any CPU
		{5C4B00B2-5060-4CE4-BF5F-A2C69BEC86C9}.Debug|Any CPU.Build.0 = Debug|Any CPU
		{5C4B00B2-5060-4CE4-BF5F-A2C69BEC86C9}.Release|Any CPU.ActiveCfg = Release|Any CPU
		{5C4B00B2-5060-4CE4-BF5F-A2C69BEC86C9}.Release|Any CPU.Build.0 = Release|Any CPU
		{C43493CB-4D7D-4043-8AC9-C6E6ABF52401}.Debug|Any CPU.ActiveCfg = Debug|Any CPU
		{C43493CB-4D7D-4043-8AC9-C6E6ABF52401}.Debug|Any CPU.Build.0 = Debug|Any CPU
		{C43493CB-4D7D-4043-8AC9-C6E6ABF52401}.Release|Any CPU.ActiveCfg = Release|Any CPU
		{C43493CB-4D7D-4043-8AC9-C6E6ABF52401}.Release|Any CPU.Build.0 = Release|Any CPU
		{F04B755C-7D0C-4F37-AA5A-BD9CE00062FB}.Debug|Any CPU.ActiveCfg = Debug|Any CPU
		{F04B755C-7D0C-4F37-AA5A-BD9CE00062FB}.Debug|Any CPU.Build.0 = Debug|Any CPU
		{F04B755C-7D0C-4F37-AA5A-BD9CE00062FB}.Release|Any CPU.ActiveCfg = Release|Any CPU
		{F04B755C-7D0C-4F37-AA5A-BD9CE00062FB}.Release|Any CPU.Build.0 = Release|Any CPU
		{1CE7C318-BD98-4244-9D7B-B3D8F95118F4}.Debug|Any CPU.ActiveCfg = Debug|Any CPU
		{1CE7C318-BD98-4244-9D7B-B3D8F95118F4}.Debug|Any CPU.Build.0 = Debug|Any CPU
		{1CE7C318-BD98-4244-9D7B-B3D8F95118F4}.Release|Any CPU.ActiveCfg = Release|Any CPU
		{1CE7C318-BD98-4244-9D7B-B3D8F95118F4}.Release|Any CPU.Build.0 = Release|Any CPU
		{7B83B693-85BF-45F4-A6BA-ACA182E55852}.Debug|Any CPU.ActiveCfg = Debug|Any CPU
		{7B83B693-85BF-45F4-A6BA-ACA182E55852}.Debug|Any CPU.Build.0 = Debug|Any CPU
		{7B83B693-85BF-45F4-A6BA-ACA182E55852}.Release|Any CPU.ActiveCfg = Release|Any CPU
		{7B83B693-85BF-45F4-A6BA-ACA182E55852}.Release|Any CPU.Build.0 = Release|Any CPU
		{12C551BF-1D9F-4993-B108-04C8E646F518}.Debug|Any CPU.ActiveCfg = Debug|Any CPU
		{12C551BF-1D9F-4993-B108-04C8E646F518}.Debug|Any CPU.Build.0 = Debug|Any CPU
		{12C551BF-1D9F-4993-B108-04C8E646F518}.Release|Any CPU.ActiveCfg = Release|Any CPU
		{12C551BF-1D9F-4993-B108-04C8E646F518}.Release|Any CPU.Build.0 = Release|Any CPU
		{822914EA-9A67-4AC1-908E-E6510FB126E1}.Debug|Any CPU.ActiveCfg = Debug|Any CPU
		{822914EA-9A67-4AC1-908E-E6510FB126E1}.Debug|Any CPU.Build.0 = Debug|Any CPU
		{822914EA-9A67-4AC1-908E-E6510FB126E1}.Release|Any CPU.ActiveCfg = Release|Any CPU
		{822914EA-9A67-4AC1-908E-E6510FB126E1}.Release|Any CPU.Build.0 = Release|Any CPU
		{6616C9D2-C68C-44F8-BFEE-CCC508932B88}.Debug|Any CPU.ActiveCfg = Debug|Any CPU
		{6616C9D2-C68C-44F8-BFEE-CCC508932B88}.Debug|Any CPU.Build.0 = Debug|Any CPU
		{6616C9D2-C68C-44F8-BFEE-CCC508932B88}.Release|Any CPU.ActiveCfg = Release|Any CPU
		{6616C9D2-C68C-44F8-BFEE-CCC508932B88}.Release|Any CPU.Build.0 = Release|Any CPU
		{37BF4AF0-43EA-42FC-8716-271F5530BEA4}.Debug|Any CPU.ActiveCfg = Debug|Any CPU
		{37BF4AF0-43EA-42FC-8716-271F5530BEA4}.Debug|Any CPU.Build.0 = Debug|Any CPU
		{37BF4AF0-43EA-42FC-8716-271F5530BEA4}.Release|Any CPU.ActiveCfg = Release|Any CPU
		{37BF4AF0-43EA-42FC-8716-271F5530BEA4}.Release|Any CPU.Build.0 = Release|Any CPU
		{3335C891-F81E-465C-8E2F-5715EFA91255}.Debug|Any CPU.ActiveCfg = Debug|Any CPU
		{3335C891-F81E-465C-8E2F-5715EFA91255}.Debug|Any CPU.Build.0 = Debug|Any CPU
		{3335C891-F81E-465C-8E2F-5715EFA91255}.Release|Any CPU.ActiveCfg = Release|Any CPU
		{3335C891-F81E-465C-8E2F-5715EFA91255}.Release|Any CPU.Build.0 = Release|Any CPU
		{CB0CC2A6-510C-4F16-9D85-8AE1DEF9A05C}.Debug|Any CPU.ActiveCfg = Debug|Any CPU
		{CB0CC2A6-510C-4F16-9D85-8AE1DEF9A05C}.Debug|Any CPU.Build.0 = Debug|Any CPU
		{CB0CC2A6-510C-4F16-9D85-8AE1DEF9A05C}.Release|Any CPU.ActiveCfg = Release|Any CPU
		{CB0CC2A6-510C-4F16-9D85-8AE1DEF9A05C}.Release|Any CPU.Build.0 = Release|Any CPU
		{478F74B9-478D-4CCE-A7BA-D0FF6A76159C}.Debug|Any CPU.ActiveCfg = Debug|Any CPU
		{478F74B9-478D-4CCE-A7BA-D0FF6A76159C}.Debug|Any CPU.Build.0 = Debug|Any CPU
		{478F74B9-478D-4CCE-A7BA-D0FF6A76159C}.Release|Any CPU.ActiveCfg = Release|Any CPU
		{478F74B9-478D-4CCE-A7BA-D0FF6A76159C}.Release|Any CPU.Build.0 = Release|Any CPU
		{591C8392-DFC8-4021-B8C2-5A679D0EF622}.Debug|Any CPU.ActiveCfg = Debug|Any CPU
		{591C8392-DFC8-4021-B8C2-5A679D0EF622}.Debug|Any CPU.Build.0 = Debug|Any CPU
		{591C8392-DFC8-4021-B8C2-5A679D0EF622}.Release|Any CPU.ActiveCfg = Release|Any CPU
		{591C8392-DFC8-4021-B8C2-5A679D0EF622}.Release|Any CPU.Build.0 = Release|Any CPU
		{1527DC34-74AF-4D2B-B760-ED6537BF2720}.Debug|Any CPU.ActiveCfg = Debug|Any CPU
		{1527DC34-74AF-4D2B-B760-ED6537BF2720}.Debug|Any CPU.Build.0 = Debug|Any CPU
		{1527DC34-74AF-4D2B-B760-ED6537BF2720}.Release|Any CPU.ActiveCfg = Release|Any CPU
		{1527DC34-74AF-4D2B-B760-ED6537BF2720}.Release|Any CPU.Build.0 = Release|Any CPU
		{AA9FCFF5-E250-4760-BEFB-DDA27B533303}.Debug|Any CPU.ActiveCfg = Debug|Any CPU
		{AA9FCFF5-E250-4760-BEFB-DDA27B533303}.Debug|Any CPU.Build.0 = Debug|Any CPU
		{AA9FCFF5-E250-4760-BEFB-DDA27B533303}.Release|Any CPU.ActiveCfg = Release|Any CPU
		{AA9FCFF5-E250-4760-BEFB-DDA27B533303}.Release|Any CPU.Build.0 = Release|Any CPU
		{B6B208F6-5A45-4546-8950-EC87027B6105}.Debug|Any CPU.ActiveCfg = Debug|Any CPU
		{B6B208F6-5A45-4546-8950-EC87027B6105}.Debug|Any CPU.Build.0 = Debug|Any CPU
		{B6B208F6-5A45-4546-8950-EC87027B6105}.Release|Any CPU.ActiveCfg = Release|Any CPU
		{B6B208F6-5A45-4546-8950-EC87027B6105}.Release|Any CPU.Build.0 = Release|Any CPU
		{781A93B3-80FD-4AEE-9391-5AF48AD40E85}.Debug|Any CPU.ActiveCfg = Debug|Any CPU
		{781A93B3-80FD-4AEE-9391-5AF48AD40E85}.Debug|Any CPU.Build.0 = Debug|Any CPU
		{781A93B3-80FD-4AEE-9391-5AF48AD40E85}.Release|Any CPU.ActiveCfg = Release|Any CPU
		{781A93B3-80FD-4AEE-9391-5AF48AD40E85}.Release|Any CPU.Build.0 = Release|Any CPU
		{C956E58C-01B7-45FF-85DB-7E6051A1979E}.Debug|Any CPU.ActiveCfg = Debug|Any CPU
		{C956E58C-01B7-45FF-85DB-7E6051A1979E}.Debug|Any CPU.Build.0 = Debug|Any CPU
		{C956E58C-01B7-45FF-85DB-7E6051A1979E}.Release|Any CPU.ActiveCfg = Release|Any CPU
		{C956E58C-01B7-45FF-85DB-7E6051A1979E}.Release|Any CPU.Build.0 = Release|Any CPU
		{193A90E6-B520-40A8-B426-ED37527BFE13}.Debug|Any CPU.ActiveCfg = Debug|Any CPU
		{193A90E6-B520-40A8-B426-ED37527BFE13}.Debug|Any CPU.Build.0 = Debug|Any CPU
		{193A90E6-B520-40A8-B426-ED37527BFE13}.Release|Any CPU.ActiveCfg = Release|Any CPU
		{193A90E6-B520-40A8-B426-ED37527BFE13}.Release|Any CPU.Build.0 = Release|Any CPU
		{B2D4A6DE-6F90-495C-A50D-95C9A587D5E7}.Debug|Any CPU.ActiveCfg = Debug|Any CPU
		{B2D4A6DE-6F90-495C-A50D-95C9A587D5E7}.Debug|Any CPU.Build.0 = Debug|Any CPU
		{B2D4A6DE-6F90-495C-A50D-95C9A587D5E7}.Release|Any CPU.ActiveCfg = Release|Any CPU
		{B2D4A6DE-6F90-495C-A50D-95C9A587D5E7}.Release|Any CPU.Build.0 = Release|Any CPU
		{35CCC813-2CE5-472E-ABD2-20291CEDF701}.Debug|Any CPU.ActiveCfg = Debug|Any CPU
		{35CCC813-2CE5-472E-ABD2-20291CEDF701}.Debug|Any CPU.Build.0 = Debug|Any CPU
		{35CCC813-2CE5-472E-ABD2-20291CEDF701}.Release|Any CPU.ActiveCfg = Release|Any CPU
		{35CCC813-2CE5-472E-ABD2-20291CEDF701}.Release|Any CPU.Build.0 = Release|Any CPU
		{B09E98AC-2A9B-400A-BC22-EE02D94CE0A9}.Debug|Any CPU.ActiveCfg = Debug|Any CPU
		{B09E98AC-2A9B-400A-BC22-EE02D94CE0A9}.Debug|Any CPU.Build.0 = Debug|Any CPU
		{B09E98AC-2A9B-400A-BC22-EE02D94CE0A9}.Release|Any CPU.ActiveCfg = Release|Any CPU
		{B09E98AC-2A9B-400A-BC22-EE02D94CE0A9}.Release|Any CPU.Build.0 = Release|Any CPU
	EndGlobalSection
	GlobalSection(SolutionProperties) = preSolution
		HideSolutionNode = FALSE
	EndGlobalSection
	GlobalSection(NestedProjects) = preSolution
		{95E8AB4C-27CD-4DC4-BC17-3927B4CDEF07} = {0757FC48-D56D-4E4B-80E2-8CB34EDE55EC}
		{A09DFF2C-8C79-4A8E-9F6C-F78A65BE5B7F} = {0757FC48-D56D-4E4B-80E2-8CB34EDE55EC}
		{5C4B00B2-5060-4CE4-BF5F-A2C69BEC86C9} = {0757FC48-D56D-4E4B-80E2-8CB34EDE55EC}
		{C43493CB-4D7D-4043-8AC9-C6E6ABF52401} = {423F9F4B-EE6A-4ABD-98EC-76B314B9A236}
		{F04B755C-7D0C-4F37-AA5A-BD9CE00062FB} = {423F9F4B-EE6A-4ABD-98EC-76B314B9A236}
		{1CE7C318-BD98-4244-9D7B-B3D8F95118F4} = {423F9F4B-EE6A-4ABD-98EC-76B314B9A236}
		{7B83B693-85BF-45F4-A6BA-ACA182E55852} = {47CA3C14-0438-468F-A989-3C70B1522276}
		{12C551BF-1D9F-4993-B108-04C8E646F518} = {47CA3C14-0438-468F-A989-3C70B1522276}
		{822914EA-9A67-4AC1-908E-E6510FB126E1} = {47CA3C14-0438-468F-A989-3C70B1522276}
		{6616C9D2-C68C-44F8-BFEE-CCC508932B88} = {40DCF11A-4799-4253-B765-AC56D1DF7FBE}
		{37BF4AF0-43EA-42FC-8716-271F5530BEA4} = {40DCF11A-4799-4253-B765-AC56D1DF7FBE}
		{3335C891-F81E-465C-8E2F-5715EFA91255} = {40DCF11A-4799-4253-B765-AC56D1DF7FBE}
		{CB0CC2A6-510C-4F16-9D85-8AE1DEF9A05C} = {EF35B676-391F-4F0A-A148-9511EFE9C97F}
		{478F74B9-478D-4CCE-A7BA-D0FF6A76159C} = {EF35B676-391F-4F0A-A148-9511EFE9C97F}
		{591C8392-DFC8-4021-B8C2-5A679D0EF622} = {EF35B676-391F-4F0A-A148-9511EFE9C97F}
		{1527DC34-74AF-4D2B-B760-ED6537BF2720} = {3930FB41-D13E-40C4-9535-DD0CC8AA87F1}
		{AA9FCFF5-E250-4760-BEFB-DDA27B533303} = {3930FB41-D13E-40C4-9535-DD0CC8AA87F1}
		{B6B208F6-5A45-4546-8950-EC87027B6105} = {3930FB41-D13E-40C4-9535-DD0CC8AA87F1}
		{781A93B3-80FD-4AEE-9391-5AF48AD40E85} = {555940AF-135D-4FBE-93A0-1EB61D480214}
		{C956E58C-01B7-45FF-85DB-7E6051A1979E} = {555940AF-135D-4FBE-93A0-1EB61D480214}
		{193A90E6-B520-40A8-B426-ED37527BFE13} = {555940AF-135D-4FBE-93A0-1EB61D480214}
		{B2D4A6DE-6F90-495C-A50D-95C9A587D5E7} = {85561CB1-371F-4812-937A-99C2152FDC2C}
		{35CCC813-2CE5-472E-ABD2-20291CEDF701} = {85561CB1-371F-4812-937A-99C2152FDC2C}
		{B09E98AC-2A9B-400A-BC22-EE02D94CE0A9} = {85561CB1-371F-4812-937A-99C2152FDC2C}
	EndGlobalSection
	GlobalSection(ExtensibilityGlobals) = postSolution
		SolutionGuid = {5CBA6BC1-AEE2-4E99-853C-34F46EB0852A}
	EndGlobalSection
EndGlobal
